lockfileVersion: '9.0'

settings:
  autoInstallPeers: true
  excludeLinksFromLockfile: false

importers:

  .:
    dependencies:
      hls.js:
        specifier: ^1.6.2
        version: 1.6.2

packages:

  hls.js@1.6.2:
    resolution: {integrity: sha512-rx+pETSCJEDThm/JCm8CuadcAC410cVjb1XVXFNDKFuylaayHk1+tFxhkjvnMDAfqsJHxZXDAJ3Uc2d5xQyWlQ==}

snapshots:

  hls.js@1.6.2: {}
